
Microsoft Visual Studio Solution File, Format Version 12.00
# Visual Studio Version 16
VisualStudioVersion = 16.0.32510.428
MinimumVisualStudioVersion = 10.0.40219.1
Project("{9A19103F-16F7-4668-BE54-9A1E7A4F7556}") = "ShopApp.entites", "ShopApp.entites\ShopApp.entites.csproj", "{C4ACBD2E-43C8-4742-A0F1-1DB9085F0A51}"
EndProject
Project("{9A19103F-16F7-4668-BE54-9A1E7A4F7556}") = "ShopAppDataAccess", "ShopAppDataAccess\ShopAppDataAccess.csproj", "{88E8AFAC-12C0-464B-A3D5-9AF21BE376DB}"
EndProject
Project("{9A19103F-16F7-4668-BE54-9A1E7A4F7556}") = "ShopApp.business", "ShopApp.business\ShopApp.business.csproj", "{B410BD3E-CBDE-4527-87CC-57B63FCDA6C8}"
EndProject
Project("{FAE04EC0-301F-11D3-BF4B-00C04F79EFBC}") = "ShopApp.webui", "ShopApp.webui\ShopApp.webui.csproj", "{4AF6955D-BBF0-4D05-B4C9-FEB4BF8322BD}"
EndProject
Global
	GlobalSection(SolutionConfigurationPlatforms) = preSolution
		Debug|Any CPU = Debug|Any CPU
		Release|Any CPU = Release|Any CPU
	EndGlobalSection
	GlobalSection(ProjectConfigurationPlatforms) = postSolution
		{C4ACBD2E-43C8-4742-A0F1-1DB9085F0A51}.Debug|Any CPU.ActiveCfg = Debug|Any CPU
		{C4ACBD2E-43C8-4742-A0F1-1DB9085F0A51}.Debug|Any CPU.Build.0 = Debug|Any CPU
		{C4ACBD2E-43C8-4742-A0F1-1DB9085F0A51}.Release|Any CPU.ActiveCfg = Release|Any CPU
		{C4ACBD2E-43C8-4742-A0F1-1DB9085F0A51}.Release|Any CPU.Build.0 = Release|Any CPU
		{88E8AFAC-12C0-464B-A3D5-9AF21BE376DB}.Debug|Any CPU.ActiveCfg = Debug|Any CPU
		{88E8AFAC-12C0-464B-A3D5-9AF21BE376DB}.Debug|Any CPU.Build.0 = Debug|Any CPU
		{88E8AFAC-12C0-464B-A3D5-9AF21BE376DB}.Release|Any CPU.ActiveCfg = Release|Any CPU
		{88E8AFAC-12C0-464B-A3D5-9AF21BE376DB}.Release|Any CPU.Build.0 = Release|Any CPU
		{B410BD3E-CBDE-4527-87CC-57B63FCDA6C8}.Debug|Any CPU.ActiveCfg = Debug|Any CPU
		{B410BD3E-CBDE-4527-87CC-57B63FCDA6C8}.Debug|Any CPU.Build.0 = Debug|Any CPU
		{B410BD3E-CBDE-4527-87CC-57B63FCDA6C8}.Release|Any CPU.ActiveCfg = Release|Any CPU
		{B410BD3E-CBDE-4527-87CC-57B63FCDA6C8}.Release|Any CPU.Build.0 = Release|Any CPU
		{4AF6955D-BBF0-4D05-B4C9-FEB4BF8322BD}.Debug|Any CPU.ActiveCfg = Debug|Any CPU
		{4AF6955D-BBF0-4D05-B4C9-FEB4BF8322BD}.Debug|Any CPU.Build.0 = Debug|Any CPU
		{4AF6955D-BBF0-4D05-B4C9-FEB4BF8322BD}.Release|Any CPU.ActiveCfg = Release|Any CPU
		{4AF6955D-BBF0-4D05-B4C9-FEB4BF8322BD}.Release|Any CPU.Build.0 = Release|Any CPU
	EndGlobalSection
	GlobalSection(SolutionProperties) = preSolution
		HideSolutionNode = FALSE
	EndGlobalSection
	GlobalSection(ExtensibilityGlobals) = postSolution
		SolutionGuid = {E31D128E-BAF9-48D8-A391-18015D045B35}
	EndGlobalSection
EndGlobal
